# This file is autogenerated, do not edit; changes may be undone by the next 'dep ensure'.


[[projects]]
  branch = "master"
  name = "github.com/mitchellh/go-mruby"
  packages = ["."]
  revision = "8fb57ad89650eef30e72be20f980679d7aa1e90c"

[solve-meta]
  analyzer-name = "dep"
  analyzer-version = 1
  inputs-digest = "a275aac24121756c77907723c32d16577dd1b8a3538fcb5270d68a2d1b99035e"
  solver-name = "gps-cdcl"
  solver-version = 1
